
Microsoft Visual Studio Solution File, Format Version 12.00
# Visual Studio 2012
Project("{FAE04EC0-301F-11D3-BF4B-00C04F79EFBC}") = "SynchFusionExample", "SynchFusionExample.csproj", "{1781F851-3C14-42A4-AB0D-28FC9AD88662}"
EndProject
Project("{FAE04EC0-301F-11D3-BF4B-00C04F79EFBC}") = "SynchFusionExample.iOS", "iOS\SynchFusionExample.iOS.csproj", "{2002005A-496E-4039-9DB6-EC54032308F8}"
EndProject
Project("{FAE04EC0-301F-11D3-BF4B-00C04F79EFBC}") = "SynchFusionExample.Droid", "Droid\SynchFusionExample.Droid.csproj", "{D6A91383-57B3-4BFE-9D14-17CBC714AEFD}"
EndProject
Global
	GlobalSection(SolutionConfigurationPlatforms) = preSolution
		Debug|Any CPU = Debug|Any CPU
		Release|Any CPU = Release|Any CPU
		Debug|iPhoneSimulator = Debug|iPhoneSimulator
		Release|iPhone = Release|iPhone
		Release|iPhoneSimulator = Release|iPhoneSimulator
		Debug|iPhone = Debug|iPhone
	EndGlobalSection
	GlobalSection(ProjectConfigurationPlatforms) = postSolution
		{1781F851-3C14-42A4-AB0D-28FC9AD88662}.Debug|Any CPU.ActiveCfg = Debug|Any CPU
		{1781F851-3C14-42A4-AB0D-28FC9AD88662}.Debug|Any CPU.Build.0 = Debug|Any CPU
		{1781F851-3C14-42A4-AB0D-28FC9AD88662}.Release|Any CPU.ActiveCfg = Release|Any CPU
		{1781F851-3C14-42A4-AB0D-28FC9AD88662}.Release|Any CPU.Build.0 = Release|Any CPU
		{1781F851-3C14-42A4-AB0D-28FC9AD88662}.Debug|iPhoneSimulator.ActiveCfg = Debug|Any CPU
		{1781F851-3C14-42A4-AB0D-28FC9AD88662}.Debug|iPhoneSimulator.Build.0 = Debug|Any CPU
		{1781F851-3C14-42A4-AB0D-28FC9AD88662}.Release|iPhone.ActiveCfg = Release|Any CPU
		{1781F851-3C14-42A4-AB0D-28FC9AD88662}.Release|iPhone.Build.0 = Release|Any CPU
		{1781F851-3C14-42A4-AB0D-28FC9AD88662}.Release|iPhoneSimulator.ActiveCfg = Release|Any CPU
		{1781F851-3C14-42A4-AB0D-28FC9AD88662}.Release|iPhoneSimulator.Build.0 = Release|Any CPU
		{1781F851-3C14-42A4-AB0D-28FC9AD88662}.Debug|iPhone.ActiveCfg = Debug|Any CPU
		{1781F851-3C14-42A4-AB0D-28FC9AD88662}.Debug|iPhone.Build.0 = Debug|Any CPU
		{2002005A-496E-4039-9DB6-EC54032308F8}.Debug|Any CPU.ActiveCfg = Debug|iPhoneSimulator
		{2002005A-496E-4039-9DB6-EC54032308F8}.Debug|Any CPU.Build.0 = Debug|iPhoneSimulator
		{2002005A-496E-4039-9DB6-EC54032308F8}.Release|Any CPU.ActiveCfg = Release|iPhone
		{2002005A-496E-4039-9DB6-EC54032308F8}.Release|Any CPU.Build.0 = Release|iPhone
		{2002005A-496E-4039-9DB6-EC54032308F8}.Debug|iPhoneSimulator.ActiveCfg = Debug|iPhoneSimulator
		{2002005A-496E-4039-9DB6-EC54032308F8}.Debug|iPhoneSimulator.Build.0 = Debug|iPhoneSimulator
		{2002005A-496E-4039-9DB6-EC54032308F8}.Release|iPhone.ActiveCfg = Release|iPhone
		{2002005A-496E-4039-9DB6-EC54032308F8}.Release|iPhone.Build.0 = Release|iPhone
		{2002005A-496E-4039-9DB6-EC54032308F8}.Release|iPhoneSimulator.ActiveCfg = Release|iPhoneSimulator
		{2002005A-496E-4039-9DB6-EC54032308F8}.Release|iPhoneSimulator.Build.0 = Release|iPhoneSimulator
		{2002005A-496E-4039-9DB6-EC54032308F8}.Debug|iPhone.ActiveCfg = Debug|iPhone
		{2002005A-496E-4039-9DB6-EC54032308F8}.Debug|iPhone.Build.0 = Debug|iPhone
		{D6A91383-57B3-4BFE-9D14-17CBC714AEFD}.Debug|Any CPU.ActiveCfg = Debug|Any CPU
		{D6A91383-57B3-4BFE-9D14-17CBC714AEFD}.Debug|Any CPU.Build.0 = Debug|Any CPU
		{D6A91383-57B3-4BFE-9D14-17CBC714AEFD}.Release|Any CPU.ActiveCfg = Release|Any CPU
		{D6A91383-57B3-4BFE-9D14-17CBC714AEFD}.Release|Any CPU.Build.0 = Release|Any CPU
		{D6A91383-57B3-4BFE-9D14-17CBC714AEFD}.Debug|iPhoneSimulator.ActiveCfg = Debug|Any CPU
		{D6A91383-57B3-4BFE-9D14-17CBC714AEFD}.Debug|iPhoneSimulator.Build.0 = Debug|Any CPU
		{D6A91383-57B3-4BFE-9D14-17CBC714AEFD}.Release|iPhone.ActiveCfg = Release|Any CPU
		{D6A91383-57B3-4BFE-9D14-17CBC714AEFD}.Release|iPhone.Build.0 = Release|Any CPU
		{D6A91383-57B3-4BFE-9D14-17CBC714AEFD}.Release|iPhoneSimulator.ActiveCfg = Release|Any CPU
		{D6A91383-57B3-4BFE-9D14-17CBC714AEFD}.Release|iPhoneSimulator.Build.0 = Release|Any CPU
		{D6A91383-57B3-4BFE-9D14-17CBC714AEFD}.Debug|iPhone.ActiveCfg = Debug|Any CPU
		{D6A91383-57B3-4BFE-9D14-17CBC714AEFD}.Debug|iPhone.Build.0 = Debug|Any CPU
	EndGlobalSection
EndGlobal
